// !$*UTF8*$!
{
	archiveVersion = 1;
	classes = {
	};
	objectVersion = 77;
	objects = {

/* Begin PBXContainerItemProxy section */
		B266C7EB2CF343A600147113 /* PBXContainerItemProxy */ = {
			isa = PBXContainerItemProxy;
			containerPortal = B266C7CC2CF343A500147113 /* Project object */;
			proxyType = 1;
			remoteGlobalIDString = B266C7D32CF343A500147113;
			remoteInfo = Arch_pattern_example;
		};
		B266C7F52CF343A600147113 /* PBXContainerItemProxy */ = {
			isa = PBXContainerItemProxy;
			containerPortal = B266C7CC2CF343A500147113 /* Project object */;
			proxyType = 1;
			remoteGlobalIDString = B266C7D32CF343A500147113;
			remoteInfo = Arch_pattern_example;
		};
/* End PBXContainerItemProxy section */

/* Begin PBXFileReference section */
		B266C7D42CF343A500147113 /* Arch_pattern_example.app */ = {isa = PBXFileReference; explicitFileType = wrapper.application; includeInIndex = 0; path = Arch_pattern_example.app; sourceTree = BUILT_PRODUCTS_DIR; };
		B266C7EA2CF343A600147113 /* Arch_pattern_exampleTests.xctest */ = {isa = PBXFileReference; explicitFileType = wrapper.cfbundle; includeInIndex = 0; path = Arch_pattern_exampleTests.xctest; sourceTree = BUILT_PRODUCTS_DIR; };
		B266C7F42CF343A600147113 /* Arch_pattern_exampleUITests.xctest */ = {isa = PBXFileReference; explicitFileType = wrapper.cfbundle; includeInIndex = 0; path = Arch_pattern_exampleUITests.xctest; sourceTree = BUILT_PRODUCTS_DIR; };
/* End PBXFileReference section */

/* Begin PBXFileSystemSynchronizedBuildFileExceptionSet section */
		B266C8242CF346F200147113 /* Exceptions for "Arch_pattern_example" folder in "Arch_pattern_example" target */ = {
			isa = PBXFileSystemSynchronizedBuildFileExceptionSet;
			membershipExceptions = (
				Info.plist,
			);
			target = B266C7D32CF343A500147113 /* Arch_pattern_example */;
		};
/* End PBXFileSystemSynchronizedBuildFileExceptionSet section */

/* Begin PBXFileSystemSynchronizedRootGroup section */
		B266C7D62CF343A500147113 /* Arch_pattern_example */ = {
			isa = PBXFileSystemSynchronizedRootGroup;
			exceptions = (
				B266C8242CF346F200147113 /* Exceptions for "Arch_pattern_example" folder in "Arch_pattern_example" target */,
			);
			path = Arch_pattern_example;
			sourceTree = "<group>";
		};
		B266C7ED2CF343A600147113 /* Arch_pattern_exampleTests */ = {
			isa = PBXFileSystemSynchronizedRootGroup;
			path = Arch_pattern_exampleTests;
			sourceTree = "<group>";
		};
		B266C7F72CF343A600147113 /* Arch_pattern_exampleUITests */ = {
			isa = PBXFileSystemSynchronizedRootGroup;
			path = Arch_pattern_exampleUITests;
			sourceTree = "<group>";
		};
/* End PBXFileSystemSynchronizedRootGroup section */

/* Begin PBXFrameworksBuildPhase section */
		B266C7D12CF343A500147113 /* Frameworks */ = {
			isa = PBXFrameworksBuildPhase;
			buildActionMask = 2147483647;
			files = (
			);
			runOnlyForDeploymentPostprocessing = 0;
		};
		B266C7E72CF343A600147113 /* Frameworks */ = {
			isa = PBXFrameworksBuildPhase;
			buildActionMask = 2147483647;
			files = (
			);
			runOnlyForDeploymentPostprocessing = 0;
		};
		B266C7F12CF343A600147113 /* Frameworks */ = {
			isa = PBXFrameworksBuildPhase;
			buildActionMask = 2147483647;
			files = (
			);
			runOnlyForDeploymentPostprocessing = 0;
		};
/* End PBXFrameworksBuildPhase section */

/* Begin PBXGroup section */
		B266C7CB2CF343A500147113 = {
			isa = PBXGroup;
			children = (
				B266C7D62CF343A500147113 /* Arch_pattern_example */,
				B266C7ED2CF343A600147113 /* Arch_pattern_exampleTests */,
				B266C7F72CF343A600147113 /* Arch_pattern_exampleUITests */,
				B266C7D52CF343A500147113 /* Products */,
			);
			sourceTree = "<group>";
		};
		B266C7D52CF343A500147113 /* Products */ = {
			isa = PBXGroup;
			children = (
				B266C7D42CF343A500147113 /* Arch_pattern_example.app */,
				B266C7EA2CF343A600147113 /* Arch_pattern_exampleTests.xctest */,
				B266C7F42CF343A600147113 /* Arch_pattern_exampleUITests.xctest */,
			);
			name = Products;
			sourceTree = "<group>";
		};
/* End PBXGroup section */

/* Begin PBXNativeTarget section */
		B266C7D32CF343A500147113 /* Arch_pattern_example */ = {
			isa = PBXNativeTarget;
			buildConfigurationList = B266C7FD2CF343A600147113 /* Build configuration list for PBXNativeTarget "Arch_pattern_example" */;
			buildPhases = (
				B266C7D02CF343A500147113 /* Sources */,
				B266C7D12CF343A500147113 /* Frameworks */,
				B266C7D22CF343A500147113 /* Resources */,
			);
			buildRules = (
			);
			dependencies = (
			);
			fileSystemSynchronizedGroups = (
				B266C7D62CF343A500147113 /* Arch_pattern_example */,
			);
			name = Arch_pattern_example;
			packageProductDependencies = (
			);
			productName = Arch_pattern_example;
			productReference = B266C7D42CF343A500147113 /* Arch_pattern_example.app */;
			productType = "com.apple.product-type.application";
		};
		B266C7E92CF343A600147113 /* Arch_pattern_exampleTests */ = {
			isa = PBXNativeTarget;
			buildConfigurationList = B266C8022CF343A600147113 /* Build configuration list for PBXNativeTarget "Arch_pattern_exampleTests" */;
			buildPhases = (
				B266C7E62CF343A600147113 /* Sources */,
				B266C7E72CF343A600147113 /* Frameworks */,
				B266C7E82CF343A600147113 /* Resources */,
			);
			buildRules = (
			);
			dependencies = (
				B266C7EC2CF343A600147113 /* PBXTargetDependency */,
			);
			fileSystemSynchronizedGroups = (
				B266C7ED2CF343A600147113 /* Arch_pattern_exampleTests */,
			);
			name = Arch_pattern_exampleTests;
			packageProductDependencies = (
			);
			productName = Arch_pattern_exampleTests;
			productReference = B266C7EA2CF343A600147113 /* Arch_pattern_exampleTests.xctest */;
			productType = "com.apple.product-type.bundle.unit-test";
		};
		B266C7F32CF343A600147113 /* Arch_pattern_exampleUITests */ = {
			isa = PBXNativeTarget;
			buildConfigurationList = B266C8052CF343A600147113 /* Build configuration list for PBXNativeTarget "Arch_pattern_exampleUITests" */;
			buildPhases = (
				B266C7F02CF343A600147113 /* Sources */,
				B266C7F12CF343A600147113 /* Frameworks */,
				B266C7F22CF343A600147113 /* Resources */,
			);
			buildRules = (
			);
			dependencies = (
				B266C7F62CF343A600147113 /* PBXTargetDependency */,
			);
			fileSystemSynchronizedGroups = (
				B266C7F72CF343A600147113 /* Arch_pattern_exampleUITests */,
			);
			name = Arch_pattern_exampleUITests;
			packageProductDependencies = (
			);
			productName = Arch_pattern_exampleUITests;
			productReference = B266C7F42CF343A600147113 /* Arch_pattern_exampleUITests.xctest */;
			productType = "com.apple.product-type.bundle.ui-testing";
		};
/* End PBXNativeTarget section */

/* Begin PBXProject section */
		B266C7CC2CF343A500147113 /* Project object */ = {
			isa = PBXProject;
			attributes = {
				BuildIndependentTargetsInParallel = 1;
				LastSwiftUpdateCheck = 1610;
				LastUpgradeCheck = 1610;
				TargetAttributes = {
					B266C7D32CF343A500147113 = {
						CreatedOnToolsVersion = 16.1;
					};
					B266C7E92CF343A600147113 = {
						CreatedOnToolsVersion = 16.1;
						TestTargetID = B266C7D32CF343A500147113;
					};
					B266C7F32CF343A600147113 = {
						CreatedOnToolsVersion = 16.1;
						TestTargetID = B266C7D32CF343A500147113;
					};
				};
			};
			buildConfigurationList = B266C7CF2CF343A500147113 /* Build configuration list for PBXProject "Arch_pattern_example" */;
			developmentRegion = en;
			hasScannedForEncodings = 0;
			knownRegions = (
				en,
				Base,
			);
			mainGroup = B266C7CB2CF343A500147113;
			minimizedProjectReferenceProxies = 1;
			preferredProjectObjectVersion = 77;
			productRefGroup = B266C7D52CF343A500147113 /* Products */;
			projectDirPath = "";
			projectRoot = "";
			targets = (
				B266C7D32CF343A500147113 /* Arch_pattern_example */,
				B266C7E92CF343A600147113 /* Arch_pattern_exampleTests */,
				B266C7F32CF343A600147113 /* Arch_pattern_exampleUITests */,
			);
		};
/* End PBXProject section */

/* Begin PBXResourcesBuildPhase section */
		B266C7D22CF343A500147113 /* Resources */ = {
			isa = PBXResourcesBuildPhase;
			buildActionMask = 2147483647;
			files = (
			);
			runOnlyForDeploymentPostprocessing = 0;
		};
		B266C7E82CF343A600147113 /* Resources */ = {
			isa = PBXResourcesBuildPhase;
			buildActionMask = 2147483647;
			files = (
			);
			runOnlyForDeploymentPostprocessing = 0;
		};
		B266C7F22CF343A600147113 /* Resources */ = {
			isa = PBXResourcesBuildPhase;
			buildActionMask = 2147483647;
			files = (
			);
			runOnlyForDeploymentPostprocessing = 0;
		};
/* End PBXResourcesBuildPhase section */

/* Begin PBXSourcesBuildPhase section */
		B266C7D02CF343A500147113 /* Sources */ = {
			isa = PBXSourcesBuildPhase;
			buildActionMask = 2147483647;
			files = (
			);
			runOnlyForDeploymentPostprocessing = 0;
		};
		B266C7E62CF343A600147113 /* Sources */ = {
			isa = PBXSourcesBuildPhase;
			buildActionMask = 2147483647;
			files = (
			);
			runOnlyForDeploymentPostprocessing = 0;
		};
		B266C7F02CF343A600147113 /* Sources */ = {
			isa = PBXSourcesBuildPhase;
			buildActionMask = 2147483647;
			files = (
			);
			runOnlyForDeploymentPostprocessing = 0;
		};
/* End PBXSourcesBuildPhase section */

/* Begin PBXTargetDependency section */
		B266C7EC2CF343A600147113 /* PBXTargetDependency */ = {
			isa = PBXTargetDependency;
			target = B266C7D32CF343A500147113 /* Arch_pattern_example */;
			targetProxy = B266C7EB2CF343A600147113 /* PBXContainerItemProxy */;
		};
		B266C7F62CF343A600147113 /* PBXTargetDependency */ = {
			isa = PBXTargetDependency;
			target = B266C7D32CF343A500147113 /* Arch_pattern_example */;
			targetProxy = B266C7F52CF343A600147113 /* PBXContainerItemProxy */;
		};
/* End PBXTargetDependency section */

/* Begin XCBuildConfiguration section */
		B266C7FE2CF343A600147113 /* Debug */ = {
			isa = XCBuildConfiguration;
			buildSettings = {
				ASSETCATALOG_COMPILER_APPICON_NAME = AppIcon;
				ASSETCATALOG_COMPILER_GLOBAL_ACCENT_COLOR_NAME = AccentColor;
				CODE_SIGN_STYLE = Automatic;
				CURRENT_PROJECT_VERSION = 1;
				DEVELOPMENT_TEAM = A3AH9H66KD;
				GENERATE_INFOPLIST_FILE = YES;
				INFOPLIST_FILE = Arch_pattern_example/Info.plist;
				INFOPLIST_KEY_UIApplicationSupportsIndirectInputEvents = YES;
				INFOPLIST_KEY_UISupportedInterfaceOrientations_iPad = "UIInterfaceOrientationPortrait UIInterfaceOrientationPortraitUpsideDown UIInterfaceOrientationLandscapeLeft UIInterfaceOrientationLandscapeRight";
				INFOPLIST_KEY_UISupportedInterfaceOrientations_iPhone = "UIInterfaceOrientationPortrait UIInterfaceOrientationLandscapeLeft UIInterfaceOrientationLandscapeRight";
				LD_RUNPATH_SEARCH_PATHS = (
					"$(inherited)",
					"@executable_path/Frameworks",
				);
				MARKETING_VERSION = 1.0;
				PRODUCT_BUNDLE_IDENTIFIER = "com.alaa.Arch-pattern-example";
				PRODUCT_NAME = "$(TARGET_NAME)";
				SWIFT_EMIT_LOC_STRINGS = YES;
				SWIFT_VERSION = 5.0;
				TARGETED_DEVICE_FAMILY = "1,2";
			};
			name = Debug;
		};
		B266C7FF2CF343A600147113 /* Release */ = {
			isa = XCBuildConfiguration;
			buildSettings = {
				ASSETCATALOG_COMPILER_APPICON_NAME = AppIcon;
				ASSETCATALOG_COMPILER_GLOBAL_ACCENT_COLOR_NAME = AccentColor;
				CODE_SIGN_STYLE = Automatic;
				CURRENT_PROJECT_VERSION = 1;
				DEVELOPMENT_TEAM = A3AH9H66KD;
				GENERATE_INFOPLIST_FILE = YES;
				INFOPLIST_FILE = Arch_pattern_example/Info.plist;
				INFOPLIST_KEY_UIApplicationSupportsIndirectInputEvents = YES;
				INFOPLIST_KEY_UISupportedInterfaceOrientations_iPad = "UIInterfaceOrientationPortrait UIInterfaceOrientationPortraitUpsideDown UIInterfaceOrientationLandscapeLeft UIInterfaceOrientationLandscapeRight";
				INFOPLIST_KEY_UISupportedInterfaceOrientations_iPhone = "UIInterfaceOrientationPortrait UIInterfaceOrientationLandscapeLeft UIInterfaceOrientationLandscapeRight";
				LD_RUNPATH_SEARCH_PATHS = (
					"$(inherited)",
					"@executable_path/Frameworks",
				);
				MARKETING_VERSION = 1.0;
				PRODUCT_BUNDLE_IDENTIFIER = "com.alaa.Arch-pattern-example";
				PRODUCT_NAME = "$(TARGET_NAME)";
				SWIFT_EMIT_LOC_STRINGS = YES;
				SWIFT_VERSION = 5.0;
				TARGETED_DEVICE_FAMILY = "1,2";
			};
			name = Release;
		};
		B266C8002CF343A600147113 /* Debug */ = {
			isa = XCBuildConfiguration;
			buildSettings = {
				ALWAYS_SEARCH_USER_PATHS = NO;
				ASSETCATALOG_COMPILER_GENERATE_SWIFT_ASSET_SYMBOL_EXTENSIONS = YES;
				CLANG_ANALYZER_NONNULL = YES;
				CLANG_ANALYZER_NUMBER_OBJECT_CONVERSION = YES_AGGRESSIVE;
				CLANG_CXX_LANGUAGE_STANDARD = "gnu++20";
				CLANG_ENABLE_MODULES = YES;
				CLANG_ENABLE_OBJC_ARC = YES;
				CLANG_ENABLE_OBJC_WEAK = YES;
				CLANG_WARN_BLOCK_CAPTURE_AUTORELEASING = YES;
				CLANG_WARN_BOOL_CONVERSION = YES;
				CLANG_WARN_COMMA = YES;
				CLANG_WARN_CONSTANT_CONVERSION = YES;
				CLANG_WARN_DEPRECATED_OBJC_IMPLEMENTATIONS = YES;
				CLANG_WARN_DIRECT_OBJC_ISA_USAGE = YES_ERROR;
				CLANG_WARN_DOCUMENTATION_COMMENTS = YES;
				CLANG_WARN_EMPTY_BODY = YES;
				CLANG_WARN_ENUM_CONVERSION = YES;
				CLANG_WARN_INFINITE_RECURSION = YES;
				CLANG_WARN_INT_CONVERSION = YES;
				CLANG_WARN_NON_LITERAL_NULL_CONVERSION = YES;
				CLANG_WARN_OBJC_IMPLICIT_RETAIN_SELF = YES;
				CLANG_WARN_OBJC_LITERAL_CONVERSION = YES;
				CLANG_WARN_OBJC_ROOT_CLASS = YES_ERROR;
				CLANG_WARN_QUOTED_INCLUDE_IN_FRAMEWORK_HEADER = YES;
				CLANG_WARN_RANGE_LOOP_ANALYSIS = YES;
				CLANG_WARN_STRICT_PROTOTYPES = YES;
				CLANG_WARN_SUSPICIOUS_MOVE = YES;
				CLANG_WARN_UNGUARDED_AVAILABILITY = YES_AGGRESSIVE;
				CLANG_WARN_UNREACHABLE_CODE = YES;
				CLANG_WARN__DUPLICATE_METHOD_MATCH = YES;
				COPY_PHASE_STRIP = NO;
				DEBUG_INFORMATION_FORMAT = dwarf;
				ENABLE_STRICT_OBJC_MSGSEND = YES;
				ENABLE_TESTABILITY = YES;
				ENABLE_USER_SCRIPT_SANDBOXING = YES;
				GCC_C_LANGUAGE_STANDARD = gnu17;
				GCC_DYNAMIC_NO_PIC = NO;
				GCC_NO_COMMON_BLOCKS = YES;
				GCC_OPTIMIZATION_LEVEL = 0;
				GCC_PREPROCESSOR_DEFINITIONS = (
					"DEBUG=1",
					"$(inherited)",
				);
				GCC_WARN_64_TO_32_BIT_CONVERSION = YES;
				GCC_WARN_ABOUT_RETURN_TYPE = YES_ERROR;
				GCC_WARN_UNDECLARED_SELECTOR = YES;
				GCC_WARN_UNINITIALIZED_AUTOS = YES_AGGRESSIVE;
				GCC_WARN_UNUSED_FUNCTION = YES;
				GCC_WARN_UNUSED_VARIABLE = YES;
				IPHONEOS_DEPLOYMENT_TARGET = 18.1;
				LOCALIZATION_PREFERS_STRING_CATALOGS = YES;
				MTL_ENABLE_DEBUG_INFO = INCLUDE_SOURCE;
				MTL_FAST_MATH = YES;
				ONLY_ACTIVE_ARCH = YES;
				SDKROOT = iphoneos;
				SWIFT_ACTIVE_COMPILATION_CONDITIONS = "DEBUG $(inherited)";
				SWIFT_OPTIMIZATION_LEVEL = "-Onone";
			};
			name = Debug;
		};
		B266C8012CF343A600147113 /* Release */ = {
			isa = XCBuildConfiguration;
			buildSettings = {
				ALWAYS_SEARCH_USER_PATHS = NO;
				ASSETCATALOG_COMPILER_GENERATE_SWIFT_ASSET_SYMBOL_EXTENSIONS = YES;
				CLANG_ANALYZER_NONNULL = YES;
				CLANG_ANALYZER_NUMBER_OBJECT_CONVERSION = YES_AGGRESSIVE;
				CLANG_CXX_LANGUAGE_STANDARD = "gnu++20";
				CLANG_ENABLE_MODULES = YES;
				CLANG_ENABLE_OBJC_ARC = YES;
				CLANG_ENABLE_OBJC_WEAK = YES;
				CLANG_WARN_BLOCK_CAPTURE_AUTORELEASING = YES;
				CLANG_WARN_BOOL_CONVERSION = YES;
				CLANG_WARN_COMMA = YES;
				CLANG_WARN_CONSTANT_CONVERSION = YES;
				CLANG_WARN_DEPRECATED_OBJC_IMPLEMENTATIONS = YES;
				CLANG_WARN_DIRECT_OBJC_ISA_USAGE = YES_ERROR;
				CLANG_WARN_DOCUMENTATION_COMMENTS = YES;
				CLANG_WARN_EMPTY_BODY = YES;
				CLANG_WARN_ENUM_CONVERSION = YES;
				CLANG_WARN_INFINITE_RECURSION = YES;
				CLANG_WARN_INT_CONVERSION = YES;
				CLANG_WARN_NON_LITERAL_NULL_CONVERSION = YES;
				CLANG_WARN_OBJC_IMPLICIT_RETAIN_SELF = YES;
				CLANG_WARN_OBJC_LITERAL_CONVERSION = YES;
				CLANG_WARN_OBJC_ROOT_CLASS = YES_ERROR;
				CLANG_WARN_QUOTED_INCLUDE_IN_FRAMEWORK_HEADER = YES;
				CLANG_WARN_RANGE_LOOP_ANALYSIS = YES;
				CLANG_WARN_STRICT_PROTOTYPES = YES;
				CLANG_WARN_SUSPICIOUS_MOVE = YES;
				CLANG_WARN_UNGUARDED_AVAILABILITY = YES_AGGRESSIVE;
				CLANG_WARN_UNREACHABLE_CODE = YES;
				CLANG_WARN__DUPLICATE_METHOD_MATCH = YES;
				COPY_PHASE_STRIP = NO;
				DEBUG_INFORMATION_FORMAT = "dwarf-with-dsym";
				ENABLE_NS_ASSERTIONS = NO;
				ENABLE_STRICT_OBJC_MSGSEND = YES;
				ENABLE_USER_SCRIPT_SANDBOXING = YES;
				GCC_C_LANGUAGE_STANDARD = gnu17;
				GCC_NO_COMMON_BLOCKS = YES;
				GCC_WARN_64_TO_32_BIT_CONVERSION = YES;
				GCC_WARN_ABOUT_RETURN_TYPE = YES_ERROR;
				GCC_WARN_UNDECLARED_SELECTOR = YES;
				GCC_WARN_UNINITIALIZED_AUTOS = YES_AGGRESSIVE;
				GCC_WARN_UNUSED_FUNCTION = YES;
				GCC_WARN_UNUSED_VARIABLE = YES;
				IPHONEOS_DEPLOYMENT_TARGET = 18.1;
				LOCALIZATION_PREFERS_STRING_CATALOGS = YES;
				MTL_ENABLE_DEBUG_INFO = NO;
				MTL_FAST_MATH = YES;
				SDKROOT = iphoneos;
				SWIFT_COMPILATION_MODE = wholemodule;
				VALIDATE_PRODUCT = YES;
			};
			name = Release;
		};
		B266C8032CF343A600147113 /* Debug */ = {
			isa = XCBuildConfiguration;
			buildSettings = {
				BUNDLE_LOADER = "$(TEST_HOST)";
				CODE_SIGN_STYLE = Automatic;
				CURRENT_PROJECT_VERSION = 1;
				DEVELOPMENT_TEAM = A3AH9H66KD;
				GENERATE_INFOPLIST_FILE = YES;
				IPHONEOS_DEPLOYMENT_TARGET = 18.1;
				MARKETING_VERSION = 1.0;
				PRODUCT_BUNDLE_IDENTIFIER = "com.alaa.Arch-pattern-exampleTests";
				PRODUCT_NAME = "$(TARGET_NAME)";
				SWIFT_EMIT_LOC_STRINGS = NO;
				SWIFT_VERSION = 5.0;
				TARGETED_DEVICE_FAMILY = "1,2";
				TEST_HOST = "$(BUILT_PRODUCTS_DIR)/Arch_pattern_example.app/$(BUNDLE_EXECUTABLE_FOLDER_PATH)/Arch_pattern_example";
			};
			name = Debug;
		};
		B266C8042CF343A600147113 /* Release */ = {
			isa = XCBuildConfiguration;
			buildSettings = {
				BUNDLE_LOADER = "$(TEST_HOST)";
				CODE_SIGN_STYLE = Automatic;
				CURRENT_PROJECT_VERSION = 1;
				DEVELOPMENT_TEAM = A3AH9H66KD;
				GENERATE_INFOPLIST_FILE = YES;
				IPHONEOS_DEPLOYMENT_TARGET = 18.1;
				MARKETING_VERSION = 1.0;
				PRODUCT_BUNDLE_IDENTIFIER = "com.alaa.Arch-pattern-exampleTests";
				PRODUCT_NAME = "$(TARGET_NAME)";
				SWIFT_EMIT_LOC_STRINGS = NO;
				SWIFT_VERSION = 5.0;
				TARGETED_DEVICE_FAMILY = "1,2";
				TEST_HOST = "$(BUILT_PRODUCTS_DIR)/Arch_pattern_example.app/$(BUNDLE_EXECUTABLE_FOLDER_PATH)/Arch_pattern_example";
			};
			name = Release;
		};
		B266C8062CF343A600147113 /* Debug */ = {
			isa = XCBuildConfiguration;
			buildSettings = {
				CODE_SIGN_STYLE = Automatic;
				CURRENT_PROJECT_VERSION = 1;
				DEVELOPMENT_TEAM = A3AH9H66KD;
				GENERATE_INFOPLIST_FILE = YES;
				MARKETING_VERSION = 1.0;
				PRODUCT_BUNDLE_IDENTIFIER = "com.alaa.Arch-pattern-exampleUITests";
				PRODUCT_NAME = "$(TARGET_NAME)";
				SWIFT_EMIT_LOC_STRINGS = NO;
				SWIFT_VERSION = 5.0;
				TARGETED_DEVICE_FAMILY = "1,2";
				TEST_TARGET_NAME = Arch_pattern_example;
			};
			name = Debug;
		};
		B266C8072CF343A600147113 /* Release */ = {
			isa = XCBuildConfiguration;
			buildSettings = {
				CODE_SIGN_STYLE = Automatic;
				CURRENT_PROJECT_VERSION = 1;
				DEVELOPMENT_TEAM = A3AH9H66KD;
				GENERATE_INFOPLIST_FILE = YES;
				MARKETING_VERSION = 1.0;
				PRODUCT_BUNDLE_IDENTIFIER = "com.alaa.Arch-pattern-exampleUITests";
				PRODUCT_NAME = "$(TARGET_NAME)";
				SWIFT_EMIT_LOC_STRINGS = NO;
				SWIFT_VERSION = 5.0;
				TARGETED_DEVICE_FAMILY = "1,2";
				TEST_TARGET_NAME = Arch_pattern_example;
			};
			name = Release;
		};
/* End XCBuildConfiguration section */

/* Begin XCConfigurationList section */
		B266C7CF2CF343A500147113 /* Build configuration list for PBXProject "Arch_pattern_example" */ = {
			isa = XCConfigurationList;
			buildConfigurations = (
				B266C8002CF343A600147113 /* Debug */,
				B266C8012CF343A600147113 /* Release */,
			);
			defaultConfigurationIsVisible = 0;
			defaultConfigurationName = Release;
		};
		B266C7FD2CF343A600147113 /* Build configuration list for PBXNativeTarget "Arch_pattern_example" */ = {
			isa = XCConfigurationList;
			buildConfigurations = (
				B266C7FE2CF343A600147113 /* Debug */,
				B266C7FF2CF343A600147113 /* Release */,
			);
			defaultConfigurationIsVisible = 0;
			defaultConfigurationName = Release;
		};
		B266C8022CF343A600147113 /* Build configuration list for PBXNativeTarget "Arch_pattern_exampleTests" */ = {
			isa = XCConfigurationList;
			buildConfigurations = (
				B266C8032CF343A600147113 /* Debug */,
				B266C8042CF343A600147113 /* Release */,
			);
			defaultConfigurationIsVisible = 0;
			defaultConfigurationName = Release;
		};
		B266C8052CF343A600147113 /* Build configuration list for PBXNativeTarget "Arch_pattern_exampleUITests" */ = {
			isa = XCConfigurationList;
			buildConfigurations = (
				B266C8062CF343A600147113 /* Debug */,
				B266C8072CF343A600147113 /* Release */,
			);
			defaultConfigurationIsVisible = 0;
			defaultConfigurationName = Release;
		};
/* End XCConfigurationList section */
	};
	rootObject = B266C7CC2CF343A500147113 /* Project object */;
}
